
Microsoft Visual Studio Solution File, Format Version 12.00
# Visual Studio 14
VisualStudioVersion = 14.0.25420.1
MinimumVisualStudioVersion = 10.0.40219.1
Project("{8BC9CEB8-8B4A-11D0-8D11-00A0C91BC942}") = "Playground", "Playground\Playground.vcxproj", "{BD686E36-FC1A-43B0-8EEA-787A1623A851}"
EndProject
Project("{8BC9CEB8-8B4A-11D0-8D11-00A0C91BC942}") = "20170706_LinkedList", "20170706_LinkedList\20170706_LinkedList.vcxproj", "{9DF629B2-B8A9-4C8B-A06B-A2567798A5AF}"
EndProject
Project("{8BC9CEB8-8B4A-11D0-8D11-00A0C91BC942}") = "20170707_StackCalculator", "20170707_Calculator\20170707_Calculator.vcxproj", "{19D2FE72-B4B2-4ED2-AF01-0E1F909A34B3}"
EndProject
Project("{8BC9CEB8-8B4A-11D0-8D11-00A0C91BC942}") = "20170707_CircularQueue", "20170707_CircularQueue\20170707_CircularQueue.vcxproj", "{CA70A876-1313-4189-A014-52BFE028707D}"
EndProject
Project("{8BC9CEB8-8B4A-11D0-8D11-00A0C91BC942}") = "20170707_QueueWithLinkedList", "20170707_QueueWithLinkedList\20170707_QueueWithLinkedList.vcxproj", "{243920D9-376E-4527-979B-0B492AD02984}"
EndProject
Project("{8BC9CEB8-8B4A-11D0-8D11-00A0C91BC942}") = "20170707_QueueWithMemoryPool", "20170707_QueueWithMemoryPool\20170707_QueueWithMemoryPool.vcxproj", "{18A2C34C-E7AD-4298-9337-C46C775513CC}"
EndProject
Project("{8BC9CEB8-8B4A-11D0-8D11-00A0C91BC942}") = "20170707_StackWithLinkedList", "20170707_StackWithLinkedList\20170707_StackWithLinkedList.vcxproj", "{0EADE3E3-7A43-4449-B3E0-A87844DDCAAF}"
EndProject
Project("{8BC9CEB8-8B4A-11D0-8D11-00A0C91BC942}") = "20170710_CountEarthian", "20170710_CountEarthian\201707_CountEarthian.vcxproj", "{4634F753-729D-43E2-96A8-1E038DE7C437}"
EndProject
Project("{8BC9CEB8-8B4A-11D0-8D11-00A0C91BC942}") = "20170710_HanoiTower", "20170710_HanoiTower\20170710_HanoiTower.vcxproj", "{987F6C1D-D7BF-4A44-8C0E-48AF4504D3E8}"
EndProject
Project("{8BC9CEB8-8B4A-11D0-8D11-00A0C91BC942}") = "20170711_BinarySearchTree", "20170711_BinarySearchTree\20170711_BinarySearchTree.vcxproj", "{62E76CD6-11B7-453A-A8AA-90D0FE89F59E}"
EndProject
Project("{8BC9CEB8-8B4A-11D0-8D11-00A0C91BC942}") = "20170724_TextureMinecraftAnimation", "20170724_TextureMinecraftAnimation\20170724_TextureMinecraftAnimation.vcxproj", "{A1A0ED03-EF3D-40AF-8160-67041EFB4560}"
EndProject
Project("{8BC9CEB8-8B4A-11D0-8D11-00A0C91BC942}") = "20170723_Mirror", "20170723_Mirror\20170723_Mirror.vcxproj", "{EFB7E6A6-55A7-4CFB-AE63-105B38F9871D}"
EndProject
Project("{8BC9CEB8-8B4A-11D0-8D11-00A0C91BC942}") = "20170721_TextureMinecraft", "20170721_TextureMinecraft\20170721_TextureMinecraft.vcxproj", "{8B4AEDD8-5B6F-4340-AA60-41FAE82F3141}"
EndProject
Project("{8BC9CEB8-8B4A-11D0-8D11-00A0C91BC942}") = "20170720_Box3DDirectX", "20170720_Box3DDirectX\20170720_Box3DDirectX.vcxproj", "{E9A2D1AC-1874-4031-A88E-42B5AC57F9F9}"
EndProject
Project("{8BC9CEB8-8B4A-11D0-8D11-00A0C91BC942}") = "20170718_Box3d", "20170718_Box3d\20170718_Box3d.vcxproj", "{2202B6D4-1AE3-4A27-8E67-385D1590B5B4}"
EndProject
Project("{8BC9CEB8-8B4A-11D0-8D11-00A0C91BC942}") = "20170714_Box3d", "20170714_Box3d\20170714_Box3d.vcxproj", "{62B46872-F087-419A-AE04-FEEB6DD9CEA3}"
EndProject
Project("{8BC9CEB8-8B4A-11D0-8D11-00A0C91BC942}") = "20170713_MyVector", "20170713_MyVector\20170713_MyVector.vcxproj", "{F83A686E-ACD6-4E41-BA67-CF51B048A32C}"
EndProject
Project("{8BC9CEB8-8B4A-11D0-8D11-00A0C91BC942}") = "20170712_MyMatrix", "20170712_MyMatrix\20170712_MyMatrix.vcxproj", "{27CAF8E4-D4F5-4002-98E5-A63479F147AA}"
EndProject
Project("{8BC9CEB8-8B4A-11D0-8D11-00A0C91BC942}") = "20170726_ParsingOBJ", "20170726_ParsingOBJ\20170726_ParsingOBJ.vcxproj", "{1B607E92-117E-4E6F-97A4-9C504B87965D}"
EndProject
Project("{8BC9CEB8-8B4A-11D0-8D11-00A0C91BC942}") = "20170727_Interpolation", "20170727_Interpolation\20170727_Interpolation.vcxproj", "{CDDD5A3B-0A89-453F-BE58-468B98941141}"
EndProject
Project("{8BC9CEB8-8B4A-11D0-8D11-00A0C91BC942}") = "20170728_ASEParser", "20170728_ASEParser\20170728_ASEParser.vcxproj", "{8AF2DDAB-F4FA-404E-A94B-92A28AB9A650}"
EndProject
Project("{8BC9CEB8-8B4A-11D0-8D11-00A0C91BC942}") = "20170731_Animation", "20170731_Animation\20170731_Animation.vcxproj", "{0C01CFB8-E182-4243-A282-DDC2FEFDBAED}"
EndProject
Global
	GlobalSection(SolutionConfigurationPlatforms) = preSolution
		Debug|x64 = Debug|x64
		Debug|x86 = Debug|x86
		Release|x64 = Release|x64
		Release|x86 = Release|x86
	EndGlobalSection
	GlobalSection(ProjectConfigurationPlatforms) = postSolution
		{BD686E36-FC1A-43B0-8EEA-787A1623A851}.Debug|x64.ActiveCfg = Debug|x64
		{BD686E36-FC1A-43B0-8EEA-787A1623A851}.Debug|x64.Build.0 = Debug|x64
		{BD686E36-FC1A-43B0-8EEA-787A1623A851}.Debug|x86.ActiveCfg = Debug|Win32
		{BD686E36-FC1A-43B0-8EEA-787A1623A851}.Debug|x86.Build.0 = Debug|Win32
		{BD686E36-FC1A-43B0-8EEA-787A1623A851}.Release|x64.ActiveCfg = Release|x64
		{BD686E36-FC1A-43B0-8EEA-787A1623A851}.Release|x64.Build.0 = Release|x64
		{BD686E36-FC1A-43B0-8EEA-787A1623A851}.Release|x86.ActiveCfg = Release|Win32
		{BD686E36-FC1A-43B0-8EEA-787A1623A851}.Release|x86.Build.0 = Release|Win32
		{9DF629B2-B8A9-4C8B-A06B-A2567798A5AF}.Debug|x64.ActiveCfg = Debug|x64
		{9DF629B2-B8A9-4C8B-A06B-A2567798A5AF}.Debug|x64.Build.0 = Debug|x64
		{9DF629B2-B8A9-4C8B-A06B-A2567798A5AF}.Debug|x86.ActiveCfg = Debug|Win32
		{9DF629B2-B8A9-4C8B-A06B-A2567798A5AF}.Debug|x86.Build.0 = Debug|Win32
		{9DF629B2-B8A9-4C8B-A06B-A2567798A5AF}.Release|x64.ActiveCfg = Release|x64
		{9DF629B2-B8A9-4C8B-A06B-A2567798A5AF}.Release|x64.Build.0 = Release|x64
		{9DF629B2-B8A9-4C8B-A06B-A2567798A5AF}.Release|x86.ActiveCfg = Release|Win32
		{9DF629B2-B8A9-4C8B-A06B-A2567798A5AF}.Release|x86.Build.0 = Release|Win32
		{19D2FE72-B4B2-4ED2-AF01-0E1F909A34B3}.Debug|x64.ActiveCfg = Debug|x64
		{19D2FE72-B4B2-4ED2-AF01-0E1F909A34B3}.Debug|x64.Build.0 = Debug|x64
		{19D2FE72-B4B2-4ED2-AF01-0E1F909A34B3}.Debug|x86.ActiveCfg = Debug|Win32
		{19D2FE72-B4B2-4ED2-AF01-0E1F909A34B3}.Debug|x86.Build.0 = Debug|Win32
		{19D2FE72-B4B2-4ED2-AF01-0E1F909A34B3}.Release|x64.ActiveCfg = Release|x64
		{19D2FE72-B4B2-4ED2-AF01-0E1F909A34B3}.Release|x64.Build.0 = Release|x64
		{19D2FE72-B4B2-4ED2-AF01-0E1F909A34B3}.Release|x86.ActiveCfg = Release|Win32
		{19D2FE72-B4B2-4ED2-AF01-0E1F909A34B3}.Release|x86.Build.0 = Release|Win32
		{CA70A876-1313-4189-A014-52BFE028707D}.Debug|x64.ActiveCfg = Debug|x64
		{CA70A876-1313-4189-A014-52BFE028707D}.Debug|x64.Build.0 = Debug|x64
		{CA70A876-1313-4189-A014-52BFE028707D}.Debug|x86.ActiveCfg = Debug|Win32
		{CA70A876-1313-4189-A014-52BFE028707D}.Debug|x86.Build.0 = Debug|Win32
		{CA70A876-1313-4189-A014-52BFE028707D}.Release|x64.ActiveCfg = Release|x64
		{CA70A876-1313-4189-A014-52BFE028707D}.Release|x64.Build.0 = Release|x64
		{CA70A876-1313-4189-A014-52BFE028707D}.Release|x86.ActiveCfg = Release|Win32
		{CA70A876-1313-4189-A014-52BFE028707D}.Release|x86.Build.0 = Release|Win32
		{243920D9-376E-4527-979B-0B492AD02984}.Debug|x64.ActiveCfg = Debug|x64
		{243920D9-376E-4527-979B-0B492AD02984}.Debug|x64.Build.0 = Debug|x64
		{243920D9-376E-4527-979B-0B492AD02984}.Debug|x86.ActiveCfg = Debug|Win32
		{243920D9-376E-4527-979B-0B492AD02984}.Debug|x86.Build.0 = Debug|Win32
		{243920D9-376E-4527-979B-0B492AD02984}.Release|x64.ActiveCfg = Release|x64
		{243920D9-376E-4527-979B-0B492AD02984}.Release|x64.Build.0 = Release|x64
		{243920D9-376E-4527-979B-0B492AD02984}.Release|x86.ActiveCfg = Release|Win32
		{243920D9-376E-4527-979B-0B492AD02984}.Release|x86.Build.0 = Release|Win32
		{18A2C34C-E7AD-4298-9337-C46C775513CC}.Debug|x64.ActiveCfg = Debug|x64
		{18A2C34C-E7AD-4298-9337-C46C775513CC}.Debug|x64.Build.0 = Debug|x64
		{18A2C34C-E7AD-4298-9337-C46C775513CC}.Debug|x86.ActiveCfg = Debug|Win32
		{18A2C34C-E7AD-4298-9337-C46C775513CC}.Debug|x86.Build.0 = Debug|Win32
		{18A2C34C-E7AD-4298-9337-C46C775513CC}.Release|x64.ActiveCfg = Release|x64
		{18A2C34C-E7AD-4298-9337-C46C775513CC}.Release|x64.Build.0 = Release|x64
		{18A2C34C-E7AD-4298-9337-C46C775513CC}.Release|x86.ActiveCfg = Release|Win32
		{18A2C34C-E7AD-4298-9337-C46C775513CC}.Release|x86.Build.0 = Release|Win32
		{0EADE3E3-7A43-4449-B3E0-A87844DDCAAF}.Debug|x64.ActiveCfg = Debug|x64
		{0EADE3E3-7A43-4449-B3E0-A87844DDCAAF}.Debug|x64.Build.0 = Debug|x64
		{0EADE3E3-7A43-4449-B3E0-A87844DDCAAF}.Debug|x86.ActiveCfg = Debug|Win32
		{0EADE3E3-7A43-4449-B3E0-A87844DDCAAF}.Debug|x86.Build.0 = Debug|Win32
		{0EADE3E3-7A43-4449-B3E0-A87844DDCAAF}.Release|x64.ActiveCfg = Release|x64
		{0EADE3E3-7A43-4449-B3E0-A87844DDCAAF}.Release|x64.Build.0 = Release|x64
		{0EADE3E3-7A43-4449-B3E0-A87844DDCAAF}.Release|x86.ActiveCfg = Release|Win32
		{0EADE3E3-7A43-4449-B3E0-A87844DDCAAF}.Release|x86.Build.0 = Release|Win32
		{4634F753-729D-43E2-96A8-1E038DE7C437}.Debug|x64.ActiveCfg = Debug|x64
		{4634F753-729D-43E2-96A8-1E038DE7C437}.Debug|x64.Build.0 = Debug|x64
		{4634F753-729D-43E2-96A8-1E038DE7C437}.Debug|x86.ActiveCfg = Debug|Win32
		{4634F753-729D-43E2-96A8-1E038DE7C437}.Debug|x86.Build.0 = Debug|Win32
		{4634F753-729D-43E2-96A8-1E038DE7C437}.Release|x64.ActiveCfg = Release|x64
		{4634F753-729D-43E2-96A8-1E038DE7C437}.Release|x64.Build.0 = Release|x64
		{4634F753-729D-43E2-96A8-1E038DE7C437}.Release|x86.ActiveCfg = Release|Win32
		{4634F753-729D-43E2-96A8-1E038DE7C437}.Release|x86.Build.0 = Release|Win32
		{987F6C1D-D7BF-4A44-8C0E-48AF4504D3E8}.Debug|x64.ActiveCfg = Debug|x64
		{987F6C1D-D7BF-4A44-8C0E-48AF4504D3E8}.Debug|x64.Build.0 = Debug|x64
		{987F6C1D-D7BF-4A44-8C0E-48AF4504D3E8}.Debug|x86.ActiveCfg = Debug|Win32
		{987F6C1D-D7BF-4A44-8C0E-48AF4504D3E8}.Debug|x86.Build.0 = Debug|Win32
		{987F6C1D-D7BF-4A44-8C0E-48AF4504D3E8}.Release|x64.ActiveCfg = Release|x64
		{987F6C1D-D7BF-4A44-8C0E-48AF4504D3E8}.Release|x64.Build.0 = Release|x64
		{987F6C1D-D7BF-4A44-8C0E-48AF4504D3E8}.Release|x86.ActiveCfg = Release|Win32
		{987F6C1D-D7BF-4A44-8C0E-48AF4504D3E8}.Release|x86.Build.0 = Release|Win32
		{62E76CD6-11B7-453A-A8AA-90D0FE89F59E}.Debug|x64.ActiveCfg = Debug|x64
		{62E76CD6-11B7-453A-A8AA-90D0FE89F59E}.Debug|x64.Build.0 = Debug|x64
		{62E76CD6-11B7-453A-A8AA-90D0FE89F59E}.Debug|x86.ActiveCfg = Debug|Win32
		{62E76CD6-11B7-453A-A8AA-90D0FE89F59E}.Debug|x86.Build.0 = Debug|Win32
		{62E76CD6-11B7-453A-A8AA-90D0FE89F59E}.Release|x64.ActiveCfg = Release|x64
		{62E76CD6-11B7-453A-A8AA-90D0FE89F59E}.Release|x64.Build.0 = Release|x64
		{62E76CD6-11B7-453A-A8AA-90D0FE89F59E}.Release|x86.ActiveCfg = Release|Win32
		{62E76CD6-11B7-453A-A8AA-90D0FE89F59E}.Release|x86.Build.0 = Release|Win32
		{A1A0ED03-EF3D-40AF-8160-67041EFB4560}.Debug|x64.ActiveCfg = Debug|x64
		{A1A0ED03-EF3D-40AF-8160-67041EFB4560}.Debug|x64.Build.0 = Debug|x64
		{A1A0ED03-EF3D-40AF-8160-67041EFB4560}.Debug|x86.ActiveCfg = Debug|Win32
		{A1A0ED03-EF3D-40AF-8160-67041EFB4560}.Debug|x86.Build.0 = Debug|Win32
		{A1A0ED03-EF3D-40AF-8160-67041EFB4560}.Release|x64.ActiveCfg = Release|x64
		{A1A0ED03-EF3D-40AF-8160-67041EFB4560}.Release|x64.Build.0 = Release|x64
		{A1A0ED03-EF3D-40AF-8160-67041EFB4560}.Release|x86.ActiveCfg = Release|Win32
		{A1A0ED03-EF3D-40AF-8160-67041EFB4560}.Release|x86.Build.0 = Release|Win32
		{EFB7E6A6-55A7-4CFB-AE63-105B38F9871D}.Debug|x64.ActiveCfg = Debug|x64
		{EFB7E6A6-55A7-4CFB-AE63-105B38F9871D}.Debug|x64.Build.0 = Debug|x64
		{EFB7E6A6-55A7-4CFB-AE63-105B38F9871D}.Debug|x86.ActiveCfg = Debug|Win32
		{EFB7E6A6-55A7-4CFB-AE63-105B38F9871D}.Debug|x86.Build.0 = Debug|Win32
		{EFB7E6A6-55A7-4CFB-AE63-105B38F9871D}.Release|x64.ActiveCfg = Release|x64
		{EFB7E6A6-55A7-4CFB-AE63-105B38F9871D}.Release|x64.Build.0 = Release|x64
		{EFB7E6A6-55A7-4CFB-AE63-105B38F9871D}.Release|x86.ActiveCfg = Release|Win32
		{EFB7E6A6-55A7-4CFB-AE63-105B38F9871D}.Release|x86.Build.0 = Release|Win32
		{8B4AEDD8-5B6F-4340-AA60-41FAE82F3141}.Debug|x64.ActiveCfg = Debug|x64
		{8B4AEDD8-5B6F-4340-AA60-41FAE82F3141}.Debug|x64.Build.0 = Debug|x64
		{8B4AEDD8-5B6F-4340-AA60-41FAE82F3141}.Debug|x86.ActiveCfg = Debug|Win32
		{8B4AEDD8-5B6F-4340-AA60-41FAE82F3141}.Debug|x86.Build.0 = Debug|Win32
		{8B4AEDD8-5B6F-4340-AA60-41FAE82F3141}.Release|x64.ActiveCfg = Release|x64
		{8B4AEDD8-5B6F-4340-AA60-41FAE82F3141}.Release|x64.Build.0 = Release|x64
		{8B4AEDD8-5B6F-4340-AA60-41FAE82F3141}.Release|x86.ActiveCfg = Release|Win32
		{8B4AEDD8-5B6F-4340-AA60-41FAE82F3141}.Release|x86.Build.0 = Release|Win32
		{E9A2D1AC-1874-4031-A88E-42B5AC57F9F9}.Debug|x64.ActiveCfg = Debug|x64
		{E9A2D1AC-1874-4031-A88E-42B5AC57F9F9}.Debug|x64.Build.0 = Debug|x64
		{E9A2D1AC-1874-4031-A88E-42B5AC57F9F9}.Debug|x86.ActiveCfg = Debug|Win32
		{E9A2D1AC-1874-4031-A88E-42B5AC57F9F9}.Debug|x86.Build.0 = Debug|Win32
		{E9A2D1AC-1874-4031-A88E-42B5AC57F9F9}.Release|x64.ActiveCfg = Release|x64
		{E9A2D1AC-1874-4031-A88E-42B5AC57F9F9}.Release|x64.Build.0 = Release|x64
		{E9A2D1AC-1874-4031-A88E-42B5AC57F9F9}.Release|x86.ActiveCfg = Release|Win32
		{E9A2D1AC-1874-4031-A88E-42B5AC57F9F9}.Release|x86.Build.0 = Release|Win32
		{2202B6D4-1AE3-4A27-8E67-385D1590B5B4}.Debug|x64.ActiveCfg = Debug|x64
		{2202B6D4-1AE3-4A27-8E67-385D1590B5B4}.Debug|x64.Build.0 = Debug|x64
		{2202B6D4-1AE3-4A27-8E67-385D1590B5B4}.Debug|x86.ActiveCfg = Debug|Win32
		{2202B6D4-1AE3-4A27-8E67-385D1590B5B4}.Debug|x86.Build.0 = Debug|Win32
		{2202B6D4-1AE3-4A27-8E67-385D1590B5B4}.Release|x64.ActiveCfg = Release|x64
		{2202B6D4-1AE3-4A27-8E67-385D1590B5B4}.Release|x64.Build.0 = Release|x64
		{2202B6D4-1AE3-4A27-8E67-385D1590B5B4}.Release|x86.ActiveCfg = Release|Win32
		{2202B6D4-1AE3-4A27-8E67-385D1590B5B4}.Release|x86.Build.0 = Release|Win32
		{62B46872-F087-419A-AE04-FEEB6DD9CEA3}.Debug|x64.ActiveCfg = Debug|x64
		{62B46872-F087-419A-AE04-FEEB6DD9CEA3}.Debug|x64.Build.0 = Debug|x64
		{62B46872-F087-419A-AE04-FEEB6DD9CEA3}.Debug|x86.ActiveCfg = Debug|Win32
		{62B46872-F087-419A-AE04-FEEB6DD9CEA3}.Debug|x86.Build.0 = Debug|Win32
		{62B46872-F087-419A-AE04-FEEB6DD9CEA3}.Release|x64.ActiveCfg = Release|x64
		{62B46872-F087-419A-AE04-FEEB6DD9CEA3}.Release|x64.Build.0 = Release|x64
		{62B46872-F087-419A-AE04-FEEB6DD9CEA3}.Release|x86.ActiveCfg = Release|Win32
		{62B46872-F087-419A-AE04-FEEB6DD9CEA3}.Release|x86.Build.0 = Release|Win32
		{F83A686E-ACD6-4E41-BA67-CF51B048A32C}.Debug|x64.ActiveCfg = Debug|x64
		{F83A686E-ACD6-4E41-BA67-CF51B048A32C}.Debug|x64.Build.0 = Debug|x64
		{F83A686E-ACD6-4E41-BA67-CF51B048A32C}.Debug|x86.ActiveCfg = Debug|Win32
		{F83A686E-ACD6-4E41-BA67-CF51B048A32C}.Debug|x86.Build.0 = Debug|Win32
		{F83A686E-ACD6-4E41-BA67-CF51B048A32C}.Release|x64.ActiveCfg = Release|x64
		{F83A686E-ACD6-4E41-BA67-CF51B048A32C}.Release|x64.Build.0 = Release|x64
		{F83A686E-ACD6-4E41-BA67-CF51B048A32C}.Release|x86.ActiveCfg = Release|Win32
		{F83A686E-ACD6-4E41-BA67-CF51B048A32C}.Release|x86.Build.0 = Release|Win32
		{27CAF8E4-D4F5-4002-98E5-A63479F147AA}.Debug|x64.ActiveCfg = Debug|x64
		{27CAF8E4-D4F5-4002-98E5-A63479F147AA}.Debug|x64.Build.0 = Debug|x64
		{27CAF8E4-D4F5-4002-98E5-A63479F147AA}.Debug|x86.ActiveCfg = Debug|Win32
		{27CAF8E4-D4F5-4002-98E5-A63479F147AA}.Debug|x86.Build.0 = Debug|Win32
		{27CAF8E4-D4F5-4002-98E5-A63479F147AA}.Release|x64.ActiveCfg = Release|x64
		{27CAF8E4-D4F5-4002-98E5-A63479F147AA}.Release|x64.Build.0 = Release|x64
		{27CAF8E4-D4F5-4002-98E5-A63479F147AA}.Release|x86.ActiveCfg = Release|Win32
		{27CAF8E4-D4F5-4002-98E5-A63479F147AA}.Release|x86.Build.0 = Release|Win32
		{1B607E92-117E-4E6F-97A4-9C504B87965D}.Debug|x64.ActiveCfg = Debug|x64
		{1B607E92-117E-4E6F-97A4-9C504B87965D}.Debug|x64.Build.0 = Debug|x64
		{1B607E92-117E-4E6F-97A4-9C504B87965D}.Debug|x86.ActiveCfg = Debug|Win32
		{1B607E92-117E-4E6F-97A4-9C504B87965D}.Debug|x86.Build.0 = Debug|Win32
		{1B607E92-117E-4E6F-97A4-9C504B87965D}.Release|x64.ActiveCfg = Release|x64
		{1B607E92-117E-4E6F-97A4-9C504B87965D}.Release|x64.Build.0 = Release|x64
		{1B607E92-117E-4E6F-97A4-9C504B87965D}.Release|x86.ActiveCfg = Release|Win32
		{1B607E92-117E-4E6F-97A4-9C504B87965D}.Release|x86.Build.0 = Release|Win32
		{CDDD5A3B-0A89-453F-BE58-468B98941141}.Debug|x64.ActiveCfg = Debug|x64
		{CDDD5A3B-0A89-453F-BE58-468B98941141}.Debug|x64.Build.0 = Debug|x64
		{CDDD5A3B-0A89-453F-BE58-468B98941141}.Debug|x86.ActiveCfg = Debug|Win32
		{CDDD5A3B-0A89-453F-BE58-468B98941141}.Debug|x86.Build.0 = Debug|Win32
		{CDDD5A3B-0A89-453F-BE58-468B98941141}.Release|x64.ActiveCfg = Release|x64
		{CDDD5A3B-0A89-453F-BE58-468B98941141}.Release|x64.Build.0 = Release|x64
		{CDDD5A3B-0A89-453F-BE58-468B98941141}.Release|x86.ActiveCfg = Release|Win32
		{CDDD5A3B-0A89-453F-BE58-468B98941141}.Release|x86.Build.0 = Release|Win32
		{8AF2DDAB-F4FA-404E-A94B-92A28AB9A650}.Debug|x64.ActiveCfg = Debug|x64
		{8AF2DDAB-F4FA-404E-A94B-92A28AB9A650}.Debug|x64.Build.0 = Debug|x64
		{8AF2DDAB-F4FA-404E-A94B-92A28AB9A650}.Debug|x86.ActiveCfg = Debug|Win32
		{8AF2DDAB-F4FA-404E-A94B-92A28AB9A650}.Debug|x86.Build.0 = Debug|Win32
		{8AF2DDAB-F4FA-404E-A94B-92A28AB9A650}.Release|x64.ActiveCfg = Release|x64
		{8AF2DDAB-F4FA-404E-A94B-92A28AB9A650}.Release|x64.Build.0 = Release|x64
		{8AF2DDAB-F4FA-404E-A94B-92A28AB9A650}.Release|x86.ActiveCfg = Release|Win32
		{8AF2DDAB-F4FA-404E-A94B-92A28AB9A650}.Release|x86.Build.0 = Release|Win32
		{0C01CFB8-E182-4243-A282-DDC2FEFDBAED}.Debug|x64.ActiveCfg = Debug|x64
		{0C01CFB8-E182-4243-A282-DDC2FEFDBAED}.Debug|x64.Build.0 = Debug|x64
		{0C01CFB8-E182-4243-A282-DDC2FEFDBAED}.Debug|x86.ActiveCfg = Debug|Win32
		{0C01CFB8-E182-4243-A282-DDC2FEFDBAED}.Debug|x86.Build.0 = Debug|Win32
		{0C01CFB8-E182-4243-A282-DDC2FEFDBAED}.Release|x64.ActiveCfg = Release|x64
		{0C01CFB8-E182-4243-A282-DDC2FEFDBAED}.Release|x64.Build.0 = Release|x64
		{0C01CFB8-E182-4243-A282-DDC2FEFDBAED}.Release|x86.ActiveCfg = Release|Win32
		{0C01CFB8-E182-4243-A282-DDC2FEFDBAED}.Release|x86.Build.0 = Release|Win32
	EndGlobalSection
	GlobalSection(SolutionProperties) = preSolution
		HideSolutionNode = FALSE
	EndGlobalSection
EndGlobal
